{
  "version": "5",
  "remote": {
    "https://deno.land/std@0.208.0/async/delay.ts": "a6142eb44cdd856b645086af2b811b1fcce08ec06bb7d50969e6a872ee9b8659",
    "https://deno.land/std@0.208.0/http/server.ts": "f3cde6672e631d3e00785743cfa96bfed275618c0352c5ae84abbe5a2e0e4afc"
  },
  "workspace": {
    "packageJson": {
      "dependencies": [
        "npm:@azure/identity@^4.12.0",
        "npm:@eslint/eslintrc@3",
        "npm:@hookform/resolvers@^5.2.2",
        "npm:@microsoft/microsoft-graph-client@^3.0.7",
        "npm:@radix-ui/react-alert-dialog@^1.1.15",
        "npm:@radix-ui/react-aspect-ratio@^1.1.7",
        "npm:@radix-ui/react-avatar@^1.1.10",
        "npm:@radix-ui/react-checkbox@^1.3.3",
        "npm:@radix-ui/react-collapsible@^1.1.12",
        "npm:@radix-ui/react-context-menu@^2.2.16",
        "npm:@radix-ui/react-dialog@^1.1.15",
        "npm:@radix-ui/react-dropdown-menu@^2.1.16",
        "npm:@radix-ui/react-hover-card@^1.1.15",
        "npm:@radix-ui/react-label@^2.1.7",
        "npm:@radix-ui/react-popover@^1.1.15",
        "npm:@radix-ui/react-progress@^1.1.7",
        "npm:@radix-ui/react-scroll-area@^1.2.10",
        "npm:@radix-ui/react-select@^2.2.6",
        "npm:@radix-ui/react-separator@^1.1.7",
        "npm:@radix-ui/react-slot@^1.2.3",
        "npm:@radix-ui/react-switch@^1.2.6",
        "npm:@radix-ui/react-tabs@^1.1.13",
        "npm:@radix-ui/react-toggle-group@^1.1.11",
        "npm:@radix-ui/react-toggle@^1.1.10",
        "npm:@radix-ui/react-tooltip@^1.2.8",
        "npm:@supabase/ssr@0.7",
        "npm:@supabase/supabase-js@^2.57.4",
        "npm:@tailwindcss/postcss@4",
        "npm:@tanstack/react-query@^5.90.1",
        "npm:@tanstack/react-table@^8.21.3",
        "npm:@types/node@20",
        "npm:@types/react-dom@19",
        "npm:@types/react@19",
        "npm:class-variance-authority@~0.7.1",
        "npm:clsx@^2.1.1",
        "npm:cmdk@^1.1.1",
        "npm:dotenv@^17.2.2",
        "npm:eslint-config-next@15.5.3",
        "npm:eslint-plugin-react-hooks@^5.2.0",
        "npm:eslint@9",
        "npm:husky@^9.1.7",
        "npm:lint-staged@^16.1.6",
        "npm:lucide-react@0.544",
        "npm:next-themes@~0.4.6",
        "npm:next@15.5.3",
        "npm:prettier-plugin-tailwindcss@~0.6.14",
        "npm:prettier@^3.6.2",
        "npm:radix-ui@^1.4.3",
        "npm:react-dom@19.1.0",
        "npm:react-hook-form@^7.63.0",
        "npm:react@19.1.0",
        "npm:recharts@2.15.4",
        "npm:shadcn@^3.3.1",
        "npm:sonner@^2.0.7",
        "npm:tailwind-merge@^3.3.1",
        "npm:tailwindcss@4",
        "npm:tw-animate-css@^1.3.8",
        "npm:typescript@5",
        "npm:zod@^4.1.11"
      ]
    }
  }
}
